
Microsoft Visual Studio Solution File, Format Version 12.00
# Visual Studio Version 17
VisualStudioVersion = 17.10.35004.147
MinimumVisualStudioVersion = 10.0.40219.1
Project("{FAE04EC0-301F-11D3-BF4B-00C04F79EFBC}") = "ModifierAndBenchmark", "ModifierAndBenchmark\ModifierAndBenchmark.csproj", "{274EB4F2-F06C-4FE4-81F1-7E0D8C8911AA}"
EndProject
Global
	GlobalSection(SolutionConfigurationPlatforms) = preSolution
		Debug|Any CPU = Debug|Any CPU
		Release|Any CPU = Release|Any CPU
	EndGlobalSection
	GlobalSection(ProjectConfigurationPlatforms) = postSolution
		{274EB4F2-F06C-4FE4-81F1-7E0D8C8911AA}.Debug|Any CPU.ActiveCfg = Debug|Any CPU
		{274EB4F2-F06C-4FE4-81F1-7E0D8C8911AA}.Debug|Any CPU.Build.0 = Debug|Any CPU
		{274EB4F2-F06C-4FE4-81F1-7E0D8C8911AA}.Release|Any CPU.ActiveCfg = Release|Any CPU
		{274EB4F2-F06C-4FE4-81F1-7E0D8C8911AA}.Release|Any CPU.Build.0 = Release|Any CPU
	EndGlobalSection
	GlobalSection(SolutionProperties) = preSolution
		HideSolutionNode = FALSE
	EndGlobalSection
	GlobalSection(ExtensibilityGlobals) = postSolution
		SolutionGuid = {FAE3AB00-621E-418D-BC4D-A12A86B42170}
	EndGlobalSection
EndGlobal
