
Microsoft Visual Studio Solution File, Format Version 12.00
# Visual Studio Version 17
VisualStudioVersion = 17.10.35004.147
MinimumVisualStudioVersion = 10.0.40219.1
Project("{FAE04EC0-301F-11D3-BF4B-00C04F79EFBC}") = "Tasks", "Tasks\Tasks.csproj", "{79241161-E440-4A3B-A919-EA96764557F5}"
EndProject
Project("{FAE04EC0-301F-11D3-BF4B-00C04F79EFBC}") = "Tasks2", "Tasks2\Tasks2.csproj", "{77760083-C87D-435A-A1CB-FFB3F0DFB2FC}"
EndProject
Project("{FAE04EC0-301F-11D3-BF4B-00C04F79EFBC}") = "PositiveSumm", "PositiveSumm\PositiveSumm.csproj", "{7337B4DC-675E-4EA4-8C9A-75701A31165F}"
EndProject
Global
	GlobalSection(SolutionConfigurationPlatforms) = preSolution
		Debug|Any CPU = Debug|Any CPU
		Release|Any CPU = Release|Any CPU
	EndGlobalSection
	GlobalSection(ProjectConfigurationPlatforms) = postSolution
		{79241161-E440-4A3B-A919-EA96764557F5}.Debug|Any CPU.ActiveCfg = Debug|Any CPU
		{79241161-E440-4A3B-A919-EA96764557F5}.Debug|Any CPU.Build.0 = Debug|Any CPU
		{79241161-E440-4A3B-A919-EA96764557F5}.Release|Any CPU.ActiveCfg = Release|Any CPU
		{79241161-E440-4A3B-A919-EA96764557F5}.Release|Any CPU.Build.0 = Release|Any CPU
		{77760083-C87D-435A-A1CB-FFB3F0DFB2FC}.Debug|Any CPU.ActiveCfg = Debug|Any CPU
		{77760083-C87D-435A-A1CB-FFB3F0DFB2FC}.Debug|Any CPU.Build.0 = Debug|Any CPU
		{77760083-C87D-435A-A1CB-FFB3F0DFB2FC}.Release|Any CPU.ActiveCfg = Release|Any CPU
		{77760083-C87D-435A-A1CB-FFB3F0DFB2FC}.Release|Any CPU.Build.0 = Release|Any CPU
		{7337B4DC-675E-4EA4-8C9A-75701A31165F}.Debug|Any CPU.ActiveCfg = Debug|Any CPU
		{7337B4DC-675E-4EA4-8C9A-75701A31165F}.Debug|Any CPU.Build.0 = Debug|Any CPU
		{7337B4DC-675E-4EA4-8C9A-75701A31165F}.Release|Any CPU.ActiveCfg = Release|Any CPU
		{7337B4DC-675E-4EA4-8C9A-75701A31165F}.Release|Any CPU.Build.0 = Release|Any CPU
	EndGlobalSection
	GlobalSection(SolutionProperties) = preSolution
		HideSolutionNode = FALSE
	EndGlobalSection
	GlobalSection(ExtensibilityGlobals) = postSolution
		SolutionGuid = {2377F240-4A41-4135-818A-59F482B09932}
	EndGlobalSection
EndGlobal
