
Microsoft Visual Studio Solution File, Format Version 12.00
# Visual Studio Version 17
VisualStudioVersion = 17.8.34408.163
MinimumVisualStudioVersion = 10.0.40219.1
Project("{FAE04EC0-301F-11D3-BF4B-00C04F79EFBC}") = "Arrays", "Arrays\Arrays.csproj", "{9722ADFE-B5BD-4FC4-9232-DD70AD78395D}"
EndProject
Global
	GlobalSection(SolutionConfigurationPlatforms) = preSolution
		Debug|Any CPU = Debug|Any CPU
		Release|Any CPU = Release|Any CPU
	EndGlobalSection
	GlobalSection(ProjectConfigurationPlatforms) = postSolution
		{9722ADFE-B5BD-4FC4-9232-DD70AD78395D}.Debug|Any CPU.ActiveCfg = Debug|Any CPU
		{9722ADFE-B5BD-4FC4-9232-DD70AD78395D}.Debug|Any CPU.Build.0 = Debug|Any CPU
		{9722ADFE-B5BD-4FC4-9232-DD70AD78395D}.Release|Any CPU.ActiveCfg = Release|Any CPU
		{9722ADFE-B5BD-4FC4-9232-DD70AD78395D}.Release|Any CPU.Build.0 = Release|Any CPU
	EndGlobalSection
	GlobalSection(SolutionProperties) = preSolution
		HideSolutionNode = FALSE
	EndGlobalSection
	GlobalSection(ExtensibilityGlobals) = postSolution
		SolutionGuid = {33704EB2-3697-402D-A70D-4455FB0A462C}
	EndGlobalSection
EndGlobal
