
Microsoft Visual Studio Solution File, Format Version 12.00
# Visual Studio Version 17
VisualStudioVersion = 17.8.34408.163
MinimumVisualStudioVersion = 10.0.40219.1
Project("{FAE04EC0-301F-11D3-BF4B-00C04F79EFBC}") = "two-dimensional array", "two-dimensional array\two-dimensional array.csproj", "{2302CE03-31C4-469D-BC2C-38C884DF0F36}"
EndProject
Project("{FAE04EC0-301F-11D3-BF4B-00C04F79EFBC}") = "Output", "Output\Output.csproj", "{46D2080F-C573-499D-A6FA-62B0AA24439A}"
EndProject
Project("{FAE04EC0-301F-11D3-BF4B-00C04F79EFBC}") = "OutputAsATable", "OutputTable\OutputAsATable.csproj", "{2ED982DA-4134-4086-9787-787D577FC2E4}"
EndProject
Project("{FAE04EC0-301F-11D3-BF4B-00C04F79EFBC}") = "FillInUsingTheKeyboard", "FillInUsingTheKeyboard\FillInUsingTheKeyboard.csproj", "{A03ED1CB-5B69-4CD6-B8CB-4BC42FF40E33}"
EndProject
Global
	GlobalSection(SolutionConfigurationPlatforms) = preSolution
		Debug|Any CPU = Debug|Any CPU
		Release|Any CPU = Release|Any CPU
	EndGlobalSection
	GlobalSection(ProjectConfigurationPlatforms) = postSolution
		{2302CE03-31C4-469D-BC2C-38C884DF0F36}.Debug|Any CPU.ActiveCfg = Debug|Any CPU
		{2302CE03-31C4-469D-BC2C-38C884DF0F36}.Debug|Any CPU.Build.0 = Debug|Any CPU
		{2302CE03-31C4-469D-BC2C-38C884DF0F36}.Release|Any CPU.ActiveCfg = Release|Any CPU
		{2302CE03-31C4-469D-BC2C-38C884DF0F36}.Release|Any CPU.Build.0 = Release|Any CPU
		{46D2080F-C573-499D-A6FA-62B0AA24439A}.Debug|Any CPU.ActiveCfg = Debug|Any CPU
		{46D2080F-C573-499D-A6FA-62B0AA24439A}.Debug|Any CPU.Build.0 = Debug|Any CPU
		{46D2080F-C573-499D-A6FA-62B0AA24439A}.Release|Any CPU.ActiveCfg = Release|Any CPU
		{46D2080F-C573-499D-A6FA-62B0AA24439A}.Release|Any CPU.Build.0 = Release|Any CPU
		{2ED982DA-4134-4086-9787-787D577FC2E4}.Debug|Any CPU.ActiveCfg = Debug|Any CPU
		{2ED982DA-4134-4086-9787-787D577FC2E4}.Debug|Any CPU.Build.0 = Debug|Any CPU
		{2ED982DA-4134-4086-9787-787D577FC2E4}.Release|Any CPU.ActiveCfg = Release|Any CPU
		{2ED982DA-4134-4086-9787-787D577FC2E4}.Release|Any CPU.Build.0 = Release|Any CPU
		{A03ED1CB-5B69-4CD6-B8CB-4BC42FF40E33}.Debug|Any CPU.ActiveCfg = Debug|Any CPU
		{A03ED1CB-5B69-4CD6-B8CB-4BC42FF40E33}.Debug|Any CPU.Build.0 = Debug|Any CPU
		{A03ED1CB-5B69-4CD6-B8CB-4BC42FF40E33}.Release|Any CPU.ActiveCfg = Release|Any CPU
		{A03ED1CB-5B69-4CD6-B8CB-4BC42FF40E33}.Release|Any CPU.Build.0 = Release|Any CPU
	EndGlobalSection
	GlobalSection(SolutionProperties) = preSolution
		HideSolutionNode = FALSE
	EndGlobalSection
	GlobalSection(ExtensibilityGlobals) = postSolution
		SolutionGuid = {15B167FF-654C-47D5-81B4-4897113A366C}
	EndGlobalSection
EndGlobal
