
Microsoft Visual Studio Solution File, Format Version 12.00
# Visual Studio Version 17
VisualStudioVersion = 17.10.35004.147
MinimumVisualStudioVersion = 10.0.40219.1
Project("{FAE04EC0-301F-11D3-BF4B-00C04F79EFBC}") = "NamedParametrs", "NamedParametrs\NamedParametrs.csproj", "{F8611EA4-232A-4CA1-B697-552820F4A81A}"
EndProject
Global
	GlobalSection(SolutionConfigurationPlatforms) = preSolution
		Debug|Any CPU = Debug|Any CPU
		Release|Any CPU = Release|Any CPU
	EndGlobalSection
	GlobalSection(ProjectConfigurationPlatforms) = postSolution
		{F8611EA4-232A-4CA1-B697-552820F4A81A}.Debug|Any CPU.ActiveCfg = Debug|Any CPU
		{F8611EA4-232A-4CA1-B697-552820F4A81A}.Debug|Any CPU.Build.0 = Debug|Any CPU
		{F8611EA4-232A-4CA1-B697-552820F4A81A}.Release|Any CPU.ActiveCfg = Release|Any CPU
		{F8611EA4-232A-4CA1-B697-552820F4A81A}.Release|Any CPU.Build.0 = Release|Any CPU
	EndGlobalSection
	GlobalSection(SolutionProperties) = preSolution
		HideSolutionNode = FALSE
	EndGlobalSection
	GlobalSection(ExtensibilityGlobals) = postSolution
		SolutionGuid = {7EDC9C01-6015-4F48-B779-49E3755754A6}
	EndGlobalSection
EndGlobal
