
Microsoft Visual Studio Solution File, Format Version 12.00
# Visual Studio Version 17
VisualStudioVersion = 17.10.35004.147
MinimumVisualStudioVersion = 10.0.40219.1
Project("{FAE04EC0-301F-11D3-BF4B-00C04F79EFBC}") = "ChangeTheSizeof the Array", "ChangeTheSizeof the Array\ChangeTheSizeof the Array.csproj", "{0D8B5445-457A-4D39-8747-841D1B0C1286}"
EndProject
Project("{FAE04EC0-301F-11D3-BF4B-00C04F79EFBC}") = "addindInToBeginningandEnd", "addindInToBeginningandEnd\addindInToBeginningandEnd.csproj", "{4BB84A9C-E160-4734-8262-21D3FFF6C789}"
EndProject
Project("{FAE04EC0-301F-11D3-BF4B-00C04F79EFBC}") = "DeletingFirstElementOfTheArrays", "DeletingFirstElementOfTheArrays\DeletingFirstElementOfTheArrays.csproj", "{2AF5751D-8E02-4A23-A2F0-B625E98D01B6}"
EndProject
Global
	GlobalSection(SolutionConfigurationPlatforms) = preSolution
		Debug|Any CPU = Debug|Any CPU
		Release|Any CPU = Release|Any CPU
	EndGlobalSection
	GlobalSection(ProjectConfigurationPlatforms) = postSolution
		{0D8B5445-457A-4D39-8747-841D1B0C1286}.Debug|Any CPU.ActiveCfg = Debug|Any CPU
		{0D8B5445-457A-4D39-8747-841D1B0C1286}.Debug|Any CPU.Build.0 = Debug|Any CPU
		{0D8B5445-457A-4D39-8747-841D1B0C1286}.Release|Any CPU.ActiveCfg = Release|Any CPU
		{0D8B5445-457A-4D39-8747-841D1B0C1286}.Release|Any CPU.Build.0 = Release|Any CPU
		{4BB84A9C-E160-4734-8262-21D3FFF6C789}.Debug|Any CPU.ActiveCfg = Debug|Any CPU
		{4BB84A9C-E160-4734-8262-21D3FFF6C789}.Debug|Any CPU.Build.0 = Debug|Any CPU
		{4BB84A9C-E160-4734-8262-21D3FFF6C789}.Release|Any CPU.ActiveCfg = Release|Any CPU
		{4BB84A9C-E160-4734-8262-21D3FFF6C789}.Release|Any CPU.Build.0 = Release|Any CPU
		{2AF5751D-8E02-4A23-A2F0-B625E98D01B6}.Debug|Any CPU.ActiveCfg = Debug|Any CPU
		{2AF5751D-8E02-4A23-A2F0-B625E98D01B6}.Debug|Any CPU.Build.0 = Debug|Any CPU
		{2AF5751D-8E02-4A23-A2F0-B625E98D01B6}.Release|Any CPU.ActiveCfg = Release|Any CPU
		{2AF5751D-8E02-4A23-A2F0-B625E98D01B6}.Release|Any CPU.Build.0 = Release|Any CPU
	EndGlobalSection
	GlobalSection(SolutionProperties) = preSolution
		HideSolutionNode = FALSE
	EndGlobalSection
	GlobalSection(ExtensibilityGlobals) = postSolution
		SolutionGuid = {427D2790-D96A-45A4-BEEE-C33CBE08C680}
	EndGlobalSection
EndGlobal
