
Microsoft Visual Studio Solution File, Format Version 12.00
# Visual Studio Version 17
VisualStudioVersion = 17.10.35004.147
MinimumVisualStudioVersion = 10.0.40219.1
Project("{FAE04EC0-301F-11D3-BF4B-00C04F79EFBC}") = "NULLOperator", "NULLOperator\NULLOperator.csproj", "{B2A77FB0-C4E5-4010-863D-F4545D863F55}"
EndProject
Global
	GlobalSection(SolutionConfigurationPlatforms) = preSolution
		Debug|Any CPU = Debug|Any CPU
		Release|Any CPU = Release|Any CPU
	EndGlobalSection
	GlobalSection(ProjectConfigurationPlatforms) = postSolution
		{B2A77FB0-C4E5-4010-863D-F4545D863F55}.Debug|Any CPU.ActiveCfg = Debug|Any CPU
		{B2A77FB0-C4E5-4010-863D-F4545D863F55}.Debug|Any CPU.Build.0 = Debug|Any CPU
		{B2A77FB0-C4E5-4010-863D-F4545D863F55}.Release|Any CPU.ActiveCfg = Release|Any CPU
		{B2A77FB0-C4E5-4010-863D-F4545D863F55}.Release|Any CPU.Build.0 = Release|Any CPU
	EndGlobalSection
	GlobalSection(SolutionProperties) = preSolution
		HideSolutionNode = FALSE
	EndGlobalSection
	GlobalSection(ExtensibilityGlobals) = postSolution
		SolutionGuid = {596BDF1C-C063-4A00-BB89-3AEEBECD655A}
	EndGlobalSection
EndGlobal
